
Microsoft Visual Studio Solution File, Format Version 12.00
# Visual Studio 15
VisualStudioVersion = 15.0.27428.2005
MinimumVisualStudioVersion = 10.0.40219.1
Project("{8BC9CEB8-8B4A-11D0-8D11-00A0C91BC942}") = "Leetcode", "Leetcode\Leetcode.vcxproj", "{D47C0C8F-16A4-4087-B242-F3408A9144F1}"
EndProject
Global
	GlobalSection(SolutionConfigurationPlatforms) = preSolution
		Debug|x64 = Debug|x64
		Debug|x86 = Debug|x86
		Release|x64 = Release|x64
		Release|x86 = Release|x86
	EndGlobalSection
	GlobalSection(ProjectConfigurationPlatforms) = postSolution
		{D47C0C8F-16A4-4087-B242-F3408A9144F1}.Debug|x64.ActiveCfg = Debug|x64
		{D47C0C8F-16A4-4087-B242-F3408A9144F1}.Debug|x64.Build.0 = Debug|x64
		{D47C0C8F-16A4-4087-B242-F3408A9144F1}.Debug|x86.ActiveCfg = Debug|Win32
		{D47C0C8F-16A4-4087-B242-F3408A9144F1}.Debug|x86.Build.0 = Debug|Win32
		{D47C0C8F-16A4-4087-B242-F3408A9144F1}.Release|x64.ActiveCfg = Release|x64
		{D47C0C8F-16A4-4087-B242-F3408A9144F1}.Release|x64.Build.0 = Release|x64
		{D47C0C8F-16A4-4087-B242-F3408A9144F1}.Release|x86.ActiveCfg = Release|Win32
		{D47C0C8F-16A4-4087-B242-F3408A9144F1}.Release|x86.Build.0 = Release|Win32
	EndGlobalSection
	GlobalSection(SolutionProperties) = preSolution
		HideSolutionNode = FALSE
	EndGlobalSection
	GlobalSection(ExtensibilityGlobals) = postSolution
		SolutionGuid = {47C7A72D-0584-4448-B4E1-B3F37BAA60E3}
	EndGlobalSection
EndGlobal
